
Microsoft Visual Studio Solution File, Format Version 12.00
# Visual Studio Version 17
VisualStudioVersion = 17.4.33110.190
MinimumVisualStudioVersion = 10.0.40219.1
Project("{9A19103F-16F7-4668-BE54-9A1E7A4F7556}") = "XmiCanon", "XmiCanon\XmiCanon.csproj", "{3FF03463-7A5A-409A-B07C-831997ACA067}"
EndProject
Project("{FAE04EC0-301F-11D3-BF4B-00C04F79EFBC}") = "XmiCanon2", "XmiCanon2\XmiCanon2.csproj", "{B680926E-2B03-450C-9F52-A4DACB097B91}"
EndProject
Global
	GlobalSection(SolutionConfigurationPlatforms) = preSolution
		Debug|Any CPU = Debug|Any CPU
		Release|Any CPU = Release|Any CPU
	EndGlobalSection
	GlobalSection(ProjectConfigurationPlatforms) = postSolution
		{3FF03463-7A5A-409A-B07C-831997ACA067}.Debug|Any CPU.ActiveCfg = Debug|Any CPU
		{3FF03463-7A5A-409A-B07C-831997ACA067}.Debug|Any CPU.Build.0 = Debug|Any CPU
		{3FF03463-7A5A-409A-B07C-831997ACA067}.Release|Any CPU.ActiveCfg = Release|Any CPU
		{3FF03463-7A5A-409A-B07C-831997ACA067}.Release|Any CPU.Build.0 = Release|Any CPU
		{B680926E-2B03-450C-9F52-A4DACB097B91}.Debug|Any CPU.ActiveCfg = Debug|Any CPU
		{B680926E-2B03-450C-9F52-A4DACB097B91}.Debug|Any CPU.Build.0 = Debug|Any CPU
		{B680926E-2B03-450C-9F52-A4DACB097B91}.Release|Any CPU.ActiveCfg = Release|Any CPU
		{B680926E-2B03-450C-9F52-A4DACB097B91}.Release|Any CPU.Build.0 = Release|Any CPU
	EndGlobalSection
	GlobalSection(SolutionProperties) = preSolution
		HideSolutionNode = FALSE
	EndGlobalSection
	GlobalSection(ExtensibilityGlobals) = postSolution
		SolutionGuid = {3BD8E8F7-BE59-4ADD-8F04-07E6AADF5ADB}
	EndGlobalSection
EndGlobal
